dependencies:
- name: infra-storage-rook-ceph
  repository: file://./rook-ceph
  version: 0.1.0
- name: infra-storage-rook-ceph-cluster
  repository: file://./rook-ceph-cluster
  version: 0.1.0
- name: infra-storage-longhorn
  repository: file://./longhorn
  version: 0.1.0
digest: sha256:1db511de1b1db0edb6949a99a650a7767bb8036f5747f771893bba6d10286786
generated: "2025-12-15T13:47:29.557839+01:00"
